
Microsoft Visual Studio Solution File, Format Version 12.00
# Visual Studio Version 16
VisualStudioVersion = 16.0.33214.272
MinimumVisualStudioVersion = 10.0.40219.1
Project("{FAE04EC0-301F-11D3-BF4B-00C04F79EFBC}") = "BeetleCaf", "BeetleCaf\BeetleCaf.csproj", "{D33AA80B-BAF3-4217-82C7-4289C8F6A4E5}"
EndProject
Global
	GlobalSection(SolutionConfigurationPlatforms) = preSolution
		Debug|Any CPU = Debug|Any CPU
		Release|Any CPU = Release|Any CPU
	EndGlobalSection
	GlobalSection(ProjectConfigurationPlatforms) = postSolution
		{D33AA80B-BAF3-4217-82C7-4289C8F6A4E5}.Debug|Any CPU.ActiveCfg = Debug|Any CPU
		{D33AA80B-BAF3-4217-82C7-4289C8F6A4E5}.Debug|Any CPU.Build.0 = Debug|Any CPU
		{D33AA80B-BAF3-4217-82C7-4289C8F6A4E5}.Release|Any CPU.ActiveCfg = Release|Any CPU
		{D33AA80B-BAF3-4217-82C7-4289C8F6A4E5}.Release|Any CPU.Build.0 = Release|Any CPU
	EndGlobalSection
	GlobalSection(SolutionProperties) = preSolution
		HideSolutionNode = FALSE
	EndGlobalSection
	GlobalSection(ExtensibilityGlobals) = postSolution
		SolutionGuid = {7A10DF97-1404-4AA6-B882-AA352589A5B8}
	EndGlobalSection
EndGlobal
